<?xml version="1.0" encoding="utf-8"?>
<Project ToolsVersion="4.0" xmlns="http://schemas.microsoft.com/developer/msbuild/2003">
  <ItemGroup>
    <Filter Include="Source Files">
      <UniqueIdentifier>{4FC737F1-C7A5-4376-A066-2A32D752A2FF}</UniqueIdentifier>
      <Extensions>cpp;c;cc;cxx;c++;cppm;ixx;def;odl;idl;hpj;bat;asm;asmx</Extensions>
    </Filter>
    <Filter Include="Header Files">
      <UniqueIdentifier>{93995380-89BD-4b04-88EB-625FBE52EBFB}</UniqueIdentifier>
      <Extensions>h;hh;hpp;hxx;h++;hm;inl;inc;ipp;xsd</Extensions>
    </Filter>
    <Filter Include="Resource Files">
      <UniqueIdentifier>{67DA6AB6-F800-4c08-8B7A-83BB121AAD01}</UniqueIdentifier>
      <Extensions>rc;ico;cur;bmp;dlg;rc2;rct;bin;rgs;gif;jpg;jpeg;jpe;resx;tiff;tif;png;wav;mfcribbon-ms</Extensions>
    </Filter>
    <Filter Include="Source Files\Controller">
      <UniqueIdentifier>{0b32d478-e205-4de0-a182-f16dd238422e}</UniqueIdentifier>
    </Filter>
    <Filter Include="Source Files\Game">
      <UniqueIdentifier>{dd870ab5-c3f4-4bc0-b8d6-3887244e09b1}</UniqueIdentifier>
    </Filter>
    <Filter Include="Source Files\Interface">
      <UniqueIdentifier>{66c25097-cd41-4c3e-bd5b-00088d5071ea}</UniqueIdentifier>
    </Filter>
    <Filter Include="Header Files\Controller">
      <UniqueIdentifier>{6da0dd0e-7829-4d54-8168-2fef49bd5b5e}</UniqueIdentifier>
    </Filter>
    <Filter Include="Header Files\Game">
      <UniqueIdentifier>{af9980d2-7dab-4136-b91e-5b38df3d3398}</UniqueIdentifier>
    </Filter>
    <Filter Include="Header Files\Interface">
      <UniqueIdentifier>{f45e24c1-5215-4f48-8a28-988116f9c825}</UniqueIdentifier>
    </Filter>
    <Filter Include="Header Files\Render">
      <UniqueIdentifier>{fb5cfdbf-d020-4344-be62-1a68806570ff}</UniqueIdentifier>
    </Filter>
    <Filter Include="Source Files\Render">
      <UniqueIdentifier>{057ec336-01dc-4aa8-8765-dbe7a97a4682}</UniqueIdentifier>
    </Filter>
    <Filter Include="Header Files\Utils">
      <UniqueIdentifier>{a84f2222-6aea-442f-bb91-3fa48c99c1b8}</UniqueIdentifier>
    </Filter>
    <Filter Include="Source Files\Utils">
      <UniqueIdentifier>{40850012-ab7b-4158-abd8-82afef99976f}</UniqueIdentifier>
    </Filter>
    <Filter Include="Resource Files\Textures">
      <UniqueIdentifier>{41b05e56-3b80-40e0-8c38-e7fa4c3dd7fa}</UniqueIdentifier>
    </Filter>
    <Filter Include="Resource Files\DLLs">
      <UniqueIdentifier>{407c7a5a-98b6-4a4b-8291-3e89976a6d31}</UniqueIdentifier>
    </Filter>
    <Filter Include="Resource Files\Levels">
      <UniqueIdentifier>{b8c478e6-bf35-4840-b08a-0be572ca9037}</UniqueIdentifier>
    </Filter>
    <Filter Include="Resource Files\Icon">
      <UniqueIdentifier>{e42c5480-29c0-490f-972a-08eeb13d5d49}</UniqueIdentifier>
    </Filter>
  </ItemGroup>
  <ItemGroup>
    <ClInclude Include="Include\HudRender.h">
      <Filter>Header Files\Render</Filter>
    </ClInclude>
    <ClInclude Include="Include\PlayerRender.h">
      <Filter>Header Files\Render</Filter>
    </ClInclude>
    <ClInclude Include="Include\MapRender.h">
      <Filter>Header Files\Render</Filter>
    </ClInclude>
    <ClInclude Include="Include\Vector.h">
      <Filter>Header Files\Utils</Filter>
    </ClInclude>
    <ClInclude Include="Include\VectorF.h">
      <Filter>Header Files\Utils</Filter>
    </ClInclude>
    <ClInclude Include="Include\Camera.h">
      <Filter>Header Files\Game</Filter>
    </ClInclude>
    <ClInclude Include="Include\Game.h">
      <Filter>Header Files\Game</Filter>
    </ClInclude>
    <ClInclude Include="Include\Map.h">
      <Filter>Header Files\Game</Filter>
    </ClInclude>
    <ClInclude Include="Include\Player.h">
      <Filter>Header Files\Game</Filter>
    </ClInclude>
    <ClInclude Include="Include\InterfaceEvents.h">
      <Filter>Header Files\Interface</Filter>
    </ClInclude>
    <ClInclude Include="Include\Engine.h">
      <Filter>Header Files\Controller</Filter>
    </ClInclude>
    <ClInclude Include="Include\Display.h">
      <Filter>Header Files\Interface</Filter>
    </ClInclude>
    <ClInclude Include="Include\LevelLoader.h">
      <Filter>Header Files\Interface</Filter>
    </ClInclude>
    <ClInclude Include="Include\TextureLoader.h">
      <Filter>Header Files\Interface</Filter>
    </ClInclude>
    <ClInclude Include="Assets\Icon\resource.h">
      <Filter>Resource Files\Icon</Filter>
    </ClInclude>
    <ClInclude Include="Include\DynamicArray.h">
      <Filter>Header Files\Utils</Filter>
    </ClInclude>
    <ClInclude Include="Include\GameObjects.h">
      <Filter>Header Files\Game</Filter>
    </ClInclude>
    <ClInclude Include="Include\Lights.h">
      <Filter>Header Files\Game</Filter>
    </ClInclude>
    <ClInclude Include="Include\LightsRender.h">
      <Filter>Header Files\Render</Filter>
    </ClInclude>
    <ClInclude Include="Include\VectorConversion.h">
      <Filter>Header Files\Utils</Filter>
    </ClInclude>
    <ClInclude Include="Include\Render.h">
      <Filter>Header Files\Utils</Filter>
    </ClInclude>
  </ItemGroup>
  <ItemGroup>
    <ClCompile Include="Src\Source.c">
      <Filter>Source Files</Filter>
    </ClCompile>
    <ClCompile Include="Src\HudRender.c">
      <Filter>Source Files\Render</Filter>
    </ClCompile>
    <ClCompile Include="Src\MapRender.c">
      <Filter>Source Files\Render</Filter>
    </ClCompile>
    <ClCompile Include="Src\PlayerRender.c">
      <Filter>Source Files\Render</Filter>
    </ClCompile>
    <ClCompile Include="Src\VectorF.c">
      <Filter>Source Files\Utils</Filter>
    </ClCompile>
    <ClCompile Include="Src\Vector.c">
      <Filter>Source Files\Utils</Filter>
    </ClCompile>
    <ClCompile Include="Src\Camera.c">
      <Filter>Source Files\Game</Filter>
    </ClCompile>
    <ClCompile Include="Src\Game.c">
      <Filter>Source Files\Game</Filter>
    </ClCompile>
    <ClCompile Include="Src\Map.c">
      <Filter>Source Files\Game</Filter>
    </ClCompile>
    <ClCompile Include="Src\Player.c">
      <Filter>Source Files\Game</Filter>
    </ClCompile>
    <ClCompile Include="Src\Engine.c">
      <Filter>Source Files\Controller</Filter>
    </ClCompile>
    <ClCompile Include="Src\Display.c">
      <Filter>Source Files\Interface</Filter>
    </ClCompile>
    <ClCompile Include="Src\InterfaceEvents.c">
      <Filter>Source Files\Interface</Filter>
    </ClCompile>
    <ClCompile Include="Src\LevelLoader.c">
      <Filter>Source Files\Interface</Filter>
    </ClCompile>
    <ClCompile Include="Src\TextureLoader.c">
      <Filter>Source Files\Interface</Filter>
    </ClCompile>
    <ClCompile Include="Src\DynamicArray.c">
      <Filter>Source Files\Utils</Filter>
    </ClCompile>
    <ClCompile Include="Src\Lights.c">
      <Filter>Source Files\Game</Filter>
    </ClCompile>
    <ClCompile Include="Src\LightsRender.c">
      <Filter>Source Files\Render</Filter>
    </ClCompile>
    <ClCompile Include="Src\VectorConversion.c">
      <Filter>Source Files\Utils</Filter>
    </ClCompile>
    <ClCompile Include="Src\Render.c">
      <Filter>Source Files\Utils</Filter>
    </ClCompile>
  </ItemGroup>
  <ItemGroup>
    <CopyFileToFolders Include="Assets\DLLs\SDL3.dll">
      <Filter>Resource Files\DLLs</Filter>
    </CopyFileToFolders>
    <CopyFileToFolders Include="Assets\DLLs\SDL3_image.dll">
      <Filter>Resource Files\DLLs</Filter>
    </CopyFileToFolders>
    <CopyFileToFolders Include="Assets\Textures\PlayerSprite.png">
      <Filter>Resource Files\Textures</Filter>
    </CopyFileToFolders>
    <CopyFileToFolders Include="Assets\Textures\sprites.png">
      <Filter>Resource Files\Textures</Filter>
    </CopyFileToFolders>
    <CopyFileToFolders Include="Assets\Levels\Bedroom.lev">
      <Filter>Resource Files\Levels</Filter>
    </CopyFileToFolders>
    <CopyFileToFolders Include="Assets\Textures\UI.png">
      <Filter>Resource Files\Textures</Filter>
    </CopyFileToFolders>
  </ItemGroup>
  <ItemGroup>
    <Image Include="Assets\Icon\Icon.ico">
      <Filter>Resource Files\Icon</Filter>
    </Image>
  </ItemGroup>
  <ItemGroup>
    <ResourceCompile Include="Assets\Icon\StrangeAwakening.rc">
      <Filter>Resource Files\Icon</Filter>
    </ResourceCompile>
  </ItemGroup>
</Project>